<?xml version="1.0" encoding="utf-8"?>
<Project ToolsVersion="4.0" xmlns="http://schemas.microsoft.com/developer/msbuild/2003">
  <ItemGroup>
    <Filter Include="Source Files">
      <UniqueIdentifier>{4FC737F1-C7A5-4376-A066-2A32D752A2FF}</UniqueIdentifier>
      <Extensions>cpp;c;cc;cxx;c++;cppm;ixx;def;odl;idl;hpj;bat;asm;asmx</Extensions>
    </Filter>
    <Filter Include="Header Files">
      <UniqueIdentifier>{93995380-89BD-4b04-88EB-625FBE52EBFB}</UniqueIdentifier>
      <Extensions>h;hh;hpp;hxx;h++;hm;inl;inc;ipp;xsd</Extensions>
    </Filter>
    <Filter Include="Resource Files">
      <UniqueIdentifier>{67DA6AB6-F800-4c08-8B7A-83BB121AAD01}</UniqueIdentifier>
      <Extensions>rc;ico;cur;bmp;dlg;rc2;rct;bin;rgs;gif;jpg;jpeg;jpe;resx;tiff;tif;png;wav;mfcribbon-ms</Extensions>
    </Filter>
  </ItemGroup>
  <ItemGroup>
    <ClCompile Include="src\main.c">
      <Filter>Source Files</Filter>
    </ClCompile>
    <ClCompile Include="src\glad.c">
      <Filter>Source Files</Filter>
    </ClCompile>
    <ClCompile Include="src\graphics\window.c">
      <Filter>Source Files</Filter>
    </ClCompile>
    <ClCompile Include="src\core\input.c">
      <Filter>Source Files</Filter>
    </ClCompile>
    <ClCompile Include="src\core\file_loader.c">
      <Filter>Source Files</Filter>
    </ClCompile>
    <ClCompile Include="src\core\memory_arena.c">
      <Filter>Source Files</Filter>
    </ClCompile>
    <ClCompile Include="src\graphics\shader_program.c">
      <Filter>Source Files</Filter>
    </ClCompile>
    <ClCompile Include="src\graphics\renderer.c">
      <Filter>Source Files</Filter>
    </ClCompile>
    <ClCompile Include="src\graphics\texture.c">
      <Filter>Source Files</Filter>
    </ClCompile>
    <ClCompile Include="src\core\stb_image.cpp">
      <Filter>Source Files</Filter>
    </ClCompile>
    <ClCompile Include="src\math\matrix4f.c">
      <Filter>Source Files</Filter>
    </ClCompile>
    <ClCompile Include="src\math\math_util.c">
      <Filter>Source Files</Filter>
    </ClCompile>
    <ClCompile Include="src\game.c">
      <Filter>Source Files</Filter>
    </ClCompile>
    <ClCompile Include="src\math\vec2f.c">
      <Filter>Source Files</Filter>
    </ClCompile>
    <ClCompile Include="src\graphics\spritesheet.c">
      <Filter>Source Files</Filter>
    </ClCompile>
    <ClCompile Include="src\core\time.c">
      <Filter>Source Files</Filter>
    </ClCompile>
    <ClCompile Include="src\core\collision.c">
      <Filter>Source Files</Filter>
    </ClCompile>
    <ClCompile Include="src\core\entity.c">
      <Filter>Source Files</Filter>
    </ClCompile>
    <ClCompile Include="src\core\assets.c">
      <Filter>Source Files</Filter>
    </ClCompile>
    <ClCompile Include="src\math\vec3f.c">
      <Filter>Source Files</Filter>
    </ClCompile>
    <ClCompile Include="src\ui\ui.c">
      <Filter>Source Files</Filter>
    </ClCompile>
    <ClCompile Include="src\core\mystr.c">
      <Filter>Source Files</Filter>
    </ClCompile>
    <ClCompile Include="src\core\sound.c">
      <Filter>Source Files</Filter>
    </ClCompile>
  </ItemGroup>
  <ItemGroup>
    <ClInclude Include="src\graphics\window.h">
      <Filter>Header Files</Filter>
    </ClInclude>
    <ClInclude Include="src\graphics\renderer.h">
      <Filter>Header Files</Filter>
    </ClInclude>
    <ClInclude Include="src\core\definitions.h">
      <Filter>Header Files</Filter>
    </ClInclude>
    <ClInclude Include="src\core\input.h">
      <Filter>Header Files</Filter>
    </ClInclude>
    <ClInclude Include="src\core\file_loader.h">
      <Filter>Header Files</Filter>
    </ClInclude>
    <ClInclude Include="src\graphics\texture.h">
      <Filter>Header Files</Filter>
    </ClInclude>
    <ClInclude Include="src\graphics\shader_program.h">
      <Filter>Header Files</Filter>
    </ClInclude>
    <ClInclude Include="src\core\memory_arena.h">
      <Filter>Header Files</Filter>
    </ClInclude>
    <ClInclude Include="src\core\entity.h">
      <Filter>Header Files</Filter>
    </ClInclude>
    <ClInclude Include="src\math\matrix4f.h">
      <Filter>Header Files</Filter>
    </ClInclude>
    <ClInclude Include="src\math\vec2f.h">
      <Filter>Header Files</Filter>
    </ClInclude>
    <ClInclude Include="src\graphics\opengl_utils.h">
      <Filter>Header Files</Filter>
    </ClInclude>
    <ClInclude Include="src\math\math_util.h">
      <Filter>Header Files</Filter>
    </ClInclude>
    <ClInclude Include="src\game.h">
      <Filter>Header Files</Filter>
    </ClInclude>
    <ClInclude Include="src\graphics\spritesheet.h">
      <Filter>Header Files</Filter>
    </ClInclude>
    <ClInclude Include="src\core\time.h">
      <Filter>Header Files</Filter>
    </ClInclude>
    <ClInclude Include="src\core\collision.h">
      <Filter>Header Files</Filter>
    </ClInclude>
    <ClInclude Include="src\core\assets.h">
      <Filter>Header Files</Filter>
    </ClInclude>
    <ClInclude Include="src\ui\ui.h">
      <Filter>Header Files</Filter>
    </ClInclude>
    <ClInclude Include="src\math\vec3f.h">
      <Filter>Header Files</Filter>
    </ClInclude>
    <ClInclude Include="src\core\mystr.h">
      <Filter>Header Files</Filter>
    </ClInclude>
    <ClInclude Include="src\core\sound.h">
      <Filter>Header Files</Filter>
    </ClInclude>
  </ItemGroup>
  <ItemGroup>
    <Text Include="res\shaders\default.frag">
      <Filter>Resource Files</Filter>
    </Text>
    <Text Include="res\shaders\default.vert">
      <Filter>Resource Files</Filter>
    </Text>
  </ItemGroup>
  <ItemGroup>
    <Image Include="res\images\container.jpg">
      <Filter>Resource Files</Filter>
    </Image>
    <Image Include="res\images\background.png">
      <Filter>Resource Files</Filter>
    </Image>
    <Image Include="res\images\player.png">
      <Filter>Resource Files</Filter>
    </Image>
    <Image Include="res\images\base_enemy.png">
      <Filter>Resource Files</Filter>
    </Image>
    <Image Include="res\images\electric_shield.png">
      <Filter>Resource Files</Filter>
    </Image>
    <Image Include="res\images\player_bullet.png">
      <Filter>Resource Files</Filter>
    </Image>
    <Image Include="res\images\explosion.png">
      <Filter>Resource Files</Filter>
    </Image>
    <Image Include="res\fonts\candara.png">
      <Filter>Resource Files</Filter>
    </Image>
  </ItemGroup>
  <ItemGroup>
    <None Include="res\shaders\color.vert">
      <Filter>Resource Files</Filter>
    </None>
    <None Include="res\shaders\color.frag">
      <Filter>Resource Files</Filter>
    </None>
    <None Include="res\shaders\ui.frag">
      <Filter>Resource Files</Filter>
    </None>
    <None Include="res\shaders\ui.vert">
      <Filter>Resource Files</Filter>
    </None>
    <None Include="res\fonts\candara.fnt">
      <Filter>Resource Files</Filter>
    </None>
    <None Include="res\shaders\text.frag">
      <Filter>Resource Files</Filter>
    </None>
    <None Include="res\shaders\text.vert">
      <Filter>Resource Files</Filter>
    </None>
  </ItemGroup>
  <ItemGroup>
    <Media Include="res\sounds\laser_shot.wav">
      <Filter>Resource Files</Filter>
    </Media>
  </ItemGroup>
</Project>